
Microsoft Visual Studio Solution File, Format Version 12.00
# Visual Studio Version 17
VisualStudioVersion = 17.8.34309.116
MinimumVisualStudioVersion = 10.0.40219.1
Project("{FAE04EC0-301F-11D3-BF4B-00C04F79EFBC}") = "WinFormsApp1", "WinFormsApp1.csproj", "{5CA01A24-6B33-489E-91CD-A7812EDB8AA5}"
EndProject
Global
	GlobalSection(SolutionConfigurationPlatforms) = preSolution
		Debug|Any CPU = Debug|Any CPU
		Release|Any CPU = Release|Any CPU
	EndGlobalSection
	GlobalSection(ProjectConfigurationPlatforms) = postSolution
		{5CA01A24-6B33-489E-91CD-A7812EDB8AA5}.Debug|Any CPU.ActiveCfg = Debug|Any CPU
		{5CA01A24-6B33-489E-91CD-A7812EDB8AA5}.Debug|Any CPU.Build.0 = Debug|Any CPU
		{5CA01A24-6B33-489E-91CD-A7812EDB8AA5}.Release|Any CPU.ActiveCfg = Release|Any CPU
		{5CA01A24-6B33-489E-91CD-A7812EDB8AA5}.Release|Any CPU.Build.0 = Release|Any CPU
	EndGlobalSection
	GlobalSection(SolutionProperties) = preSolution
		HideSolutionNode = FALSE
	EndGlobalSection
	GlobalSection(ExtensibilityGlobals) = postSolution
		SolutionGuid = {F49AE0F6-3B99-42DB-8581-FF14C2D7B9CC}
	EndGlobalSection
EndGlobal
